
Microsoft Visual Studio Solution File, Format Version 12.00
# Visual Studio Version 17
VisualStudioVersion = 17.6.33815.320
MinimumVisualStudioVersion = 10.0.40219.1
Project("{FAE04EC0-301F-11D3-BF4B-00C04F79EFBC}") = "E-commerceAPI", "E-commerceAPI\E-commerceAPI.csproj", "{716BB7CA-8DA4-43EA-A319-4E63F878BC61}"
EndProject
Global
	GlobalSection(SolutionConfigurationPlatforms) = preSolution
		Debug|Any CPU = Debug|Any CPU
		Release|Any CPU = Release|Any CPU
	EndGlobalSection
	GlobalSection(ProjectConfigurationPlatforms) = postSolution
		{716BB7CA-8DA4-43EA-A319-4E63F878BC61}.Debug|Any CPU.ActiveCfg = Debug|Any CPU
		{716BB7CA-8DA4-43EA-A319-4E63F878BC61}.Debug|Any CPU.Build.0 = Debug|Any CPU
		{716BB7CA-8DA4-43EA-A319-4E63F878BC61}.Release|Any CPU.ActiveCfg = Release|Any CPU
		{716BB7CA-8DA4-43EA-A319-4E63F878BC61}.Release|Any CPU.Build.0 = Release|Any CPU
	EndGlobalSection
	GlobalSection(SolutionProperties) = preSolution
		HideSolutionNode = FALSE
	EndGlobalSection
	GlobalSection(ExtensibilityGlobals) = postSolution
		SolutionGuid = {711EF7A5-AD03-4880-AD3D-72E5F4E75824}
	EndGlobalSection
EndGlobal
